
Microsoft Visual Studio Solution File, Format Version 12.00
# Visual Studio 15
VisualStudioVersion = 15.0.27703.2047
MinimumVisualStudioVersion = 10.0.40219.1
Project("{9A19103F-16F7-4668-BE54-9A1E7A4F7556}") = "Qucode.HelloWorld.BellStates", "Qucode.HelloWorld.BellStates\Qucode.HelloWorld.BellStates.csproj", "{06616C5F-122B-41E4-863D-6FDF55BB91FB}"
EndProject
Project("{FAE04EC0-301F-11D3-BF4B-00C04F79EFBC}") = "Qucode.HelloWorld.Tests", "Qucode.HelloWorld.Tests\Qucode.HelloWorld.Tests.csproj", "{D1609492-35A5-45EC-88C5-59EBCA4C38C0}"
EndProject
Project("{FAE04EC0-301F-11D3-BF4B-00C04F79EFBC}") = "Qucode.HelloWorld.DeutschOracle", "Qucode.HelloWorld.DeutschOracle\Qucode.HelloWorld.DeutschOracle.csproj", "{04D77599-A1C1-4493-B922-39AE7BDE44E5}"
EndProject
Project("{FAE04EC0-301F-11D3-BF4B-00C04F79EFBC}") = "Qucode.HelloWorld.Teleportation", "Qucode.HelloWorld.Teleportation\Qucode.HelloWorld.Teleportation.csproj", "{CDD259EA-FECC-4AF0-833C-BFE8D14B67ED}"
EndProject
Global
	GlobalSection(SolutionConfigurationPlatforms) = preSolution
		Debug|Any CPU = Debug|Any CPU
		Release|Any CPU = Release|Any CPU
	EndGlobalSection
	GlobalSection(ProjectConfigurationPlatforms) = postSolution
		{06616C5F-122B-41E4-863D-6FDF55BB91FB}.Debug|Any CPU.ActiveCfg = Debug|Any CPU
		{06616C5F-122B-41E4-863D-6FDF55BB91FB}.Debug|Any CPU.Build.0 = Debug|Any CPU
		{06616C5F-122B-41E4-863D-6FDF55BB91FB}.Release|Any CPU.ActiveCfg = Release|Any CPU
		{06616C5F-122B-41E4-863D-6FDF55BB91FB}.Release|Any CPU.Build.0 = Release|Any CPU
		{D1609492-35A5-45EC-88C5-59EBCA4C38C0}.Debug|Any CPU.ActiveCfg = Debug|Any CPU
		{D1609492-35A5-45EC-88C5-59EBCA4C38C0}.Debug|Any CPU.Build.0 = Debug|Any CPU
		{D1609492-35A5-45EC-88C5-59EBCA4C38C0}.Release|Any CPU.ActiveCfg = Release|Any CPU
		{D1609492-35A5-45EC-88C5-59EBCA4C38C0}.Release|Any CPU.Build.0 = Release|Any CPU
		{04D77599-A1C1-4493-B922-39AE7BDE44E5}.Debug|Any CPU.ActiveCfg = Debug|Any CPU
		{04D77599-A1C1-4493-B922-39AE7BDE44E5}.Debug|Any CPU.Build.0 = Debug|Any CPU
		{04D77599-A1C1-4493-B922-39AE7BDE44E5}.Release|Any CPU.ActiveCfg = Release|Any CPU
		{04D77599-A1C1-4493-B922-39AE7BDE44E5}.Release|Any CPU.Build.0 = Release|Any CPU
		{CDD259EA-FECC-4AF0-833C-BFE8D14B67ED}.Debug|Any CPU.ActiveCfg = Debug|Any CPU
		{CDD259EA-FECC-4AF0-833C-BFE8D14B67ED}.Debug|Any CPU.Build.0 = Debug|Any CPU
		{CDD259EA-FECC-4AF0-833C-BFE8D14B67ED}.Release|Any CPU.ActiveCfg = Release|Any CPU
		{CDD259EA-FECC-4AF0-833C-BFE8D14B67ED}.Release|Any CPU.Build.0 = Release|Any CPU
	EndGlobalSection
	GlobalSection(SolutionProperties) = preSolution
		HideSolutionNode = FALSE
	EndGlobalSection
	GlobalSection(ExtensibilityGlobals) = postSolution
		SolutionGuid = {648D6A5D-24A1-4128-8F69-1BE3A8769B60}
	EndGlobalSection
EndGlobal
